%{
  "crc32cer": {:hex, :crc32cer, "0.1.11", "b550da6d615feb72a882d15d020f8f7dee72dfb2cb1bcdf3b1ee8dc2afd68cfc", [:rebar3], [], "hexpm", "a39b8f0b1990ac1bf06c3a247fc6a178b740cdfc33c3b53688dc7dd6b1855942"},
  "klife_protocol": {:hex, :klife_protocol, "0.7.0", "1effd0742a6f993eba3593400cb1b209b3e00b6766a24d4a48351f13703849bc", [:mix], [{:crc32cer, "~> 0.1.8", [hex: :crc32cer, repo: "hexpm", optional: false]}, {:snappyer, "~> 1.2.7", [hex: :snappyer, repo: "hexpm", optional: false]}], "hexpm", "1d95fbb79f45955752918fa246e4409526924fd28f36508022949df2c0c12c4d"},
  "nimble_options": {:hex, :nimble_options, "1.1.1", "e3a492d54d85fc3fd7c5baf411d9d2852922f66e69476317787a7b2bb000a61b", [:mix], [], "hexpm", "821b2470ca9442c4b6984882fe9bb0389371b8ddec4d45a9504f00a66f650b44"},
  "nimble_pool": {:hex, :nimble_pool, "1.1.0", "bf9c29fbdcba3564a8b800d1eeb5a3c58f36e1e11d7b7fb2e084a643f645f06b", [:mix], [], "hexpm", "af2e4e6b34197db81f7aad230c1118eac993acc0dae6bc83bac0126d4ae0813a"},
  "snappyer": {:hex, :snappyer, "1.2.10", "023e9ae00e969b0997208b5de7d3b12bb46ec6bc5411e8dc53e7b3f435b8f0fd", [:rebar3], [], "hexpm", "f55bd9ed147e7163cb3acd1e431a7ff2c9e31ceacbb8308786094fb64551c284"},
}
