%{
  "benchee": {:hex, :benchee, "1.3.1", "c786e6a76321121a44229dde3988fc772bca73ea75170a73fd5f4ddf1af95ccf", [:mix], [{:deep_merge, "~> 1.0", [hex: :deep_merge, repo: "hexpm", optional: false]}, {:statistex, "~> 1.0", [hex: :statistex, repo: "hexpm", optional: false]}, {:table, "~> 0.1.0", [hex: :table, repo: "hexpm", optional: true]}], "hexpm", "76224c58ea1d0391c8309a8ecbfe27d71062878f59bd41a390266bf4ac1cc56d"},
  "brod": {:hex, :brod, "4.4.0", "9e09abd24c0df25eee87f23004eb8b895d69e82f21d088276e1bb6f422c0e5fb", [:rebar3], [{:kafka_protocol, "4.2.3", [hex: :kafka_protocol, repo: "hexpm", optional: false]}], "hexpm", "51bd4f70ad63f9e92b412db5fc55a30a877f36ac386184caa29d729154f2d923"},
  "connection": {:hex, :connection, "1.1.0", "ff2a49c4b75b6fb3e674bfc5536451607270aac754ffd1bdfe175abe4a6d7a68", [:mix], [], "hexpm", "722c1eb0a418fbe91ba7bd59a47e28008a189d47e37e0e7bb85585a016b2869c"},
  "crc32cer": {:hex, :crc32cer, "0.1.12", "b018bd5dcbba9c35972822f53ad40b6b483d453204ef67daf92af3a314bbfbf6", [:rebar3], [], "hexpm", "56ad9380651c2c4cb21d7741c91cbcc4709e032fd31a98a33f007ee30e526972"},
  "datum": {:hex, :datum, "4.6.1", "93b131203a60cfea9ffff6435a50dc24239f689dfebb76e6aecf6ce689efe8f4", [:rebar3], [], "hexpm", "e14340f8280fedb1731d5cd6e9f5aeaa14b880c51f0b3dc16c42c6671c167e4d"},
  "deep_merge": {:hex, :deep_merge, "1.0.0", "b4aa1a0d1acac393bdf38b2291af38cb1d4a52806cf7a4906f718e1feb5ee961", [:mix], [], "hexpm", "ce708e5f094b9cd4e8f2be4f00d2f4250c4095be93f8cd6d018c753894885430"},
  "dialyxir": {:hex, :dialyxir, "1.4.7", "dda948fcee52962e4b6c5b4b16b2d8fa7d50d8645bbae8b8685c3f9ecb7f5f4d", [:mix], [{:erlex, ">= 0.2.8", [hex: :erlex, repo: "hexpm", optional: false]}], "hexpm", "b34527202e6eb8cee198efec110996c25c5898f43a4094df157f8d28f27d9efe"},
  "earmark_parser": {:hex, :earmark_parser, "1.4.43", "34b2f401fe473080e39ff2b90feb8ddfeef7639f8ee0bbf71bb41911831d77c5", [:mix], [], "hexpm", "970a3cd19503f5e8e527a190662be2cee5d98eed1ff72ed9b3d1a3d466692de8"},
  "erlex": {:hex, :erlex, "0.2.8", "cd8116f20f3c0afe376d1e8d1f0ae2452337729f68be016ea544a72f767d9c12", [:mix], [], "hexpm", "9d66ff9fedf69e49dc3fd12831e12a8a37b76f8651dd21cd45fcf5561a8a7590"},
  "erlkaf": {:hex, :erlkaf, "2.1.6", "fb9aed863f09249dc549135391f5d173d1a1064bf222dc14a74c92fe3408cd60", [:rebar3], [{:esq, "2.0.6", [hex: :esq, repo: "hexpm", optional: false]}, {:jsone, "1.8.1", [hex: :jsone, repo: "hexpm", optional: false]}], "hexpm", "22ab3e870e78b6d16ae1ffc3fee0c155c9179fcd6e2f2a703398d6fb677ddff9"},
  "esq": {:hex, :esq, "2.0.6", "9917e1a731c609b42624a4bb8594a25d537ea30e7b55d46cd46fa1b95e6db675", [:rebar3], [{:datum, "~> 4.6.1", [hex: :datum, repo: "hexpm", optional: false]}, {:pipe, "~> 2.0.1", [hex: :pipes, repo: "hexpm", optional: false]}, {:uid, "~> 1.3.4", [hex: :uid, repo: "hexpm", optional: false]}], "hexpm", "3b798da50c508fe93248dbbd64d3d2cb618cab5387e66515ab83cadf2b1abac1"},
  "ex_doc": {:hex, :ex_doc, "0.37.2", "2a3aa7014094f0e4e286a82aa5194a34dd17057160988b8509b15aa6c292720c", [:mix], [{:earmark_parser, "~> 1.4.42", [hex: :earmark_parser, repo: "hexpm", optional: false]}, {:makeup_c, ">= 0.1.0", [hex: :makeup_c, repo: "hexpm", optional: true]}, {:makeup_elixir, "~> 0.14 or ~> 1.0", [hex: :makeup_elixir, repo: "hexpm", optional: false]}, {:makeup_erlang, "~> 0.1 or ~> 1.0", [hex: :makeup_erlang, repo: "hexpm", optional: false]}, {:makeup_html, ">= 0.1.0", [hex: :makeup_html, repo: "hexpm", optional: true]}], "hexpm", "4dfa56075ce4887e4e8b1dcc121cd5fcb0f02b00391fd367ff5336d98fa49049"},
  "jsone": {:hex, :jsone, "1.8.1", "6bc74d3863d55d420077346da97c601711017a057f2fd1df65d6d65dd562fbab", [:rebar3], [], "hexpm", "c78918124148c51a7a84c678e39bbc6281f8cb582f1d88584628a98468e99738"},
  "kafka_ex": {:hex, :kafka_ex, "0.14.0", "1baefdc5e6c9f67613846fb2e5ee76f98b2d79aed67ae8884c58996d0f69683b", [:mix], [{:kayrock, "~> 0.2.0", [hex: :kayrock, repo: "hexpm", optional: false]}], "hexpm", "4ccab4c458cc027d24e58bff03594d37c5f1ead898bb7c596a66ae8169eb1dcf"},
  "kafka_protocol": {:hex, :kafka_protocol, "4.2.3", "83b11eb1ec90d51999a5dbb03ce7ed1363e34491ccf6b0f13c269c29294d59ba", [:rebar3], [{:crc32cer, "0.1.12", [hex: :crc32cer, repo: "hexpm", optional: false]}], "hexpm", "4db4bdd80f26574a0653a2784df00b0e8454c29bc3f65138ae8bc6497482934d"},
  "kayrock": {:hex, :kayrock, "0.2.0", "b2e55b555dcb333e6e099d66f2db20f898ca9461d5bf1c4c65acebc0bf69a814", [:mix], [{:connection, "~> 1.1", [hex: :connection, repo: "hexpm", optional: false]}, {:crc32cer, "~> 0.1", [hex: :crc32cer, repo: "hexpm", optional: false]}, {:varint, "~> 1.2", [hex: :varint, repo: "hexpm", optional: false]}], "hexpm", "b2dcf44024fef1bcf02419b55bb78ac18a9bffca2bdd25d2b1941709b567155a"},
  "klife_protocol": {:hex, :klife_protocol, "0.10.0", "7b2d3f49971931b4af3eab9a1a5d27497472d3a099b7cb9226478d7e22e66745", [:mix], [{:crc32cer, "~> 0.1.11", [hex: :crc32cer, repo: "hexpm", optional: false]}, {:snappyer, "~> 1.2.10", [hex: :snappyer, repo: "hexpm", optional: false]}], "hexpm", "9265328608073cbe40979eafccbed905d51f4c844d8c6fb6773016ed1f094960"},
  "makeup": {:hex, :makeup, "1.2.1", "e90ac1c65589ef354378def3ba19d401e739ee7ee06fb47f94c687016e3713d1", [:mix], [{:nimble_parsec, "~> 1.4", [hex: :nimble_parsec, repo: "hexpm", optional: false]}], "hexpm", "d36484867b0bae0fea568d10131197a4c2e47056a6fbe84922bf6ba71c8d17ce"},
  "makeup_elixir": {:hex, :makeup_elixir, "1.0.1", "e928a4f984e795e41e3abd27bfc09f51db16ab8ba1aebdba2b3a575437efafc2", [:mix], [{:makeup, "~> 1.0", [hex: :makeup, repo: "hexpm", optional: false]}, {:nimble_parsec, "~> 1.2.3 or ~> 1.3", [hex: :nimble_parsec, repo: "hexpm", optional: false]}], "hexpm", "7284900d412a3e5cfd97fdaed4f5ed389b8f2b4cb49efc0eb3bd10e2febf9507"},
  "makeup_erlang": {:hex, :makeup_erlang, "1.0.2", "03e1804074b3aa64d5fad7aa64601ed0fb395337b982d9bcf04029d68d51b6a7", [:mix], [{:makeup, "~> 1.0", [hex: :makeup, repo: "hexpm", optional: false]}], "hexpm", "af33ff7ef368d5893e4a267933e7744e46ce3cf1f61e2dccf53a111ed3aa3727"},
  "nimble_options": {:hex, :nimble_options, "1.1.1", "e3a492d54d85fc3fd7c5baf411d9d2852922f66e69476317787a7b2bb000a61b", [:mix], [], "hexpm", "821b2470ca9442c4b6984882fe9bb0389371b8ddec4d45a9504f00a66f650b44"},
  "nimble_parsec": {:hex, :nimble_parsec, "1.4.2", "8efba0122db06df95bfaa78f791344a89352ba04baedd3849593bfce4d0dc1c6", [:mix], [], "hexpm", "4b21398942dda052b403bbe1da991ccd03a053668d147d53fb8c4e0efe09c973"},
  "nimble_pool": {:hex, :nimble_pool, "1.1.0", "bf9c29fbdcba3564a8b800d1eeb5a3c58f36e1e11d7b7fb2e084a643f645f06b", [:mix], [], "hexpm", "af2e4e6b34197db81f7aad230c1118eac993acc0dae6bc83bac0126d4ae0813a"},
  "observer_cli": {:hex, :observer_cli, "1.8.2", "9962e6818e75774ec829875016be61a6bca87e95ad18ecd7fbcf4f23f1278c57", [:mix, :rebar3], [{:recon, "~> 2.5.6", [hex: :recon, repo: "hexpm", optional: false]}], "hexpm", "93ae523d42d566b176f7ae77a0bf36802dab8bb51a6086316cce66a7cfb5d81f"},
  "pipe": {:hex, :pipes, "2.0.1", "a2b56796c63690ed0e78bb77bb389af250bd70afa15a6869369dbdc11087d68f", [:rebar3], [], "hexpm", "623357a158e4c33ee589d4c735ddbab9c77a04e85159192e4d42f1dc97c60bd9"},
  "recon": {:hex, :recon, "2.5.6", "9052588e83bfedfd9b72e1034532aee2a5369d9d9343b61aeb7fbce761010741", [:mix, :rebar3], [], "hexpm", "96c6799792d735cc0f0fd0f86267e9d351e63339cbe03df9d162010cefc26bb0"},
  "snappyer": {:hex, :snappyer, "1.2.10", "023e9ae00e969b0997208b5de7d3b12bb46ec6bc5411e8dc53e7b3f435b8f0fd", [:rebar3], [], "hexpm", "f55bd9ed147e7163cb3acd1e431a7ff2c9e31ceacbb8308786094fb64551c284"},
  "statistex": {:hex, :statistex, "1.0.0", "f3dc93f3c0c6c92e5f291704cf62b99b553253d7969e9a5fa713e5481cd858a5", [:mix], [], "hexpm", "ff9d8bee7035028ab4742ff52fc80a2aa35cece833cf5319009b52f1b5a86c27"},
  "uid": {:hex, :uid, "1.3.4", "42e30e22908e8e2faa6227e9c261f1954cb540be3c5a139e112369ae6cc451fc", [:rebar3], [], "hexpm", "f8388ef93b16a5d5f9977e1fe814ae0acf5529b1e0ee5d7b18d23cb4c0f87eaa"},
  "uuid": {:hex, :uuid, "1.1.8", "e22fc04499de0de3ed1116b770c7737779f226ceefa0badb3592e64d5cfb4eb9", [:mix], [], "hexpm", "c790593b4c3b601f5dc2378baae7efaf5b3d73c4c6456ba85759905be792f2ac"},
  "varint": {:hex, :varint, "1.5.1", "17160c70d0428c3f8a7585e182468cac10bbf165c2360cf2328aaa39d3fb1795", [:mix], [], "hexpm", "24f3deb61e91cb988056de79d06f01161dd01be5e0acae61d8d936a552f1be73"},
}
